
Microsoft Visual Studio Solution File, Format Version 12.00
# Visual Studio Version 16
VisualStudioVersion = 16.0.29403.142
MinimumVisualStudioVersion = 10.0.40219.1
Project("{FAE04EC0-301F-11D3-BF4B-00C04F79EFBC}") = "Wyjatki", "Wyjatki\Wyjatki.csproj", "{82DD19D6-3FF4-41EE-A064-5D1DFB17FCC1}"
EndProject
Global
	GlobalSection(SolutionConfigurationPlatforms) = preSolution
		Debug|Any CPU = Debug|Any CPU
		Release|Any CPU = Release|Any CPU
	EndGlobalSection
	GlobalSection(ProjectConfigurationPlatforms) = postSolution
		{82DD19D6-3FF4-41EE-A064-5D1DFB17FCC1}.Debug|Any CPU.ActiveCfg = Debug|Any CPU
		{82DD19D6-3FF4-41EE-A064-5D1DFB17FCC1}.Debug|Any CPU.Build.0 = Debug|Any CPU
		{82DD19D6-3FF4-41EE-A064-5D1DFB17FCC1}.Release|Any CPU.ActiveCfg = Release|Any CPU
		{82DD19D6-3FF4-41EE-A064-5D1DFB17FCC1}.Release|Any CPU.Build.0 = Release|Any CPU
	EndGlobalSection
	GlobalSection(SolutionProperties) = preSolution
		HideSolutionNode = FALSE
	EndGlobalSection
	GlobalSection(ExtensibilityGlobals) = postSolution
		SolutionGuid = {0B12E260-CD51-4862-A11C-1E0B0EB32394}
	EndGlobalSection
EndGlobal
