
Microsoft Visual Studio Solution File, Format Version 12.00
# Visual Studio 15
VisualStudioVersion = 15.0.28010.2036
MinimumVisualStudioVersion = 10.0.40219.1
Project("{FAE04EC0-301F-11D3-BF4B-00C04F79EFBC}") = "Klasy3", "Klasy3\Klasy3.csproj", "{DC510D2A-7190-4766-8276-97151FF0F257}"
EndProject
Global
	GlobalSection(SolutionConfigurationPlatforms) = preSolution
		Debug|Any CPU = Debug|Any CPU
		Release|Any CPU = Release|Any CPU
	EndGlobalSection
	GlobalSection(ProjectConfigurationPlatforms) = postSolution
		{DC510D2A-7190-4766-8276-97151FF0F257}.Debug|Any CPU.ActiveCfg = Debug|Any CPU
		{DC510D2A-7190-4766-8276-97151FF0F257}.Debug|Any CPU.Build.0 = Debug|Any CPU
		{DC510D2A-7190-4766-8276-97151FF0F257}.Release|Any CPU.ActiveCfg = Release|Any CPU
		{DC510D2A-7190-4766-8276-97151FF0F257}.Release|Any CPU.Build.0 = Release|Any CPU
	EndGlobalSection
	GlobalSection(SolutionProperties) = preSolution
		HideSolutionNode = FALSE
	EndGlobalSection
	GlobalSection(ExtensibilityGlobals) = postSolution
		SolutionGuid = {F224588E-635E-4874-A7BD-76AC5E0CDE00}
	EndGlobalSection
EndGlobal
